
Microsoft Visual Studio Solution File, Format Version 12.00
# Visual Studio 15
VisualStudioVersion = 15.0.28307.960
MinimumVisualStudioVersion = 10.0.40219.1
Project("{F184B08F-C81C-45F6-A57F-5ABD9991F28F}") = "EntityFrameworkHelper", "EntityFrameworkHelper\EntityFrameworkHelper.vbproj", "{5AB6927A-51A2-4176-BF9E-054C2303D9E2}"
EndProject
Project("{F184B08F-C81C-45F6-A57F-5ABD9991F28F}") = "WindowsApp1", "WindowsApp1\WindowsApp1.vbproj", "{5C709FF4-53CA-4D7E-A36B-3EADB60612F7}"
EndProject
Project("{2150E333-8FDC-42A3-9474-1A3956D46DE8}") = "Solution Items", "Solution Items", "{4C12BBF0-C978-4F65-A015-217EEDE2EBD7}"
	ProjectSection(SolutionItems) = preProject
		NorthWindDataScript.sql = NorthWindDataScript.sql
		readme.md = readme.md
	EndProjectSection
EndProject
Global
	GlobalSection(SolutionConfigurationPlatforms) = preSolution
		Debug|Any CPU = Debug|Any CPU
		Release|Any CPU = Release|Any CPU
	EndGlobalSection
	GlobalSection(ProjectConfigurationPlatforms) = postSolution
		{5AB6927A-51A2-4176-BF9E-054C2303D9E2}.Debug|Any CPU.ActiveCfg = Debug|Any CPU
		{5AB6927A-51A2-4176-BF9E-054C2303D9E2}.Debug|Any CPU.Build.0 = Debug|Any CPU
		{5AB6927A-51A2-4176-BF9E-054C2303D9E2}.Release|Any CPU.ActiveCfg = Release|Any CPU
		{5AB6927A-51A2-4176-BF9E-054C2303D9E2}.Release|Any CPU.Build.0 = Release|Any CPU
		{5C709FF4-53CA-4D7E-A36B-3EADB60612F7}.Debug|Any CPU.ActiveCfg = Debug|Any CPU
		{5C709FF4-53CA-4D7E-A36B-3EADB60612F7}.Debug|Any CPU.Build.0 = Debug|Any CPU
		{5C709FF4-53CA-4D7E-A36B-3EADB60612F7}.Release|Any CPU.ActiveCfg = Release|Any CPU
		{5C709FF4-53CA-4D7E-A36B-3EADB60612F7}.Release|Any CPU.Build.0 = Release|Any CPU
	EndGlobalSection
	GlobalSection(SolutionProperties) = preSolution
		HideSolutionNode = FALSE
	EndGlobalSection
	GlobalSection(ExtensibilityGlobals) = postSolution
		SolutionGuid = {0B257367-25A3-4225-AA2D-6143C6DD38AB}
	EndGlobalSection
EndGlobal
